
Microsoft Visual Studio Solution File, Format Version 12.00
# Visual Studio 15
VisualStudioVersion = 15.0.27130.2024
MinimumVisualStudioVersion = 10.0.40219.1
Project("{FAE04EC0-301F-11D3-BF4B-00C04F79EFBC}") = "tgClipBoard", "tgClipBoard\tgClipBoard.csproj", "{5DE5A777-DD55-4ED4-A936-8CBB2D34C8D4}"
EndProject
Global
	GlobalSection(SolutionConfigurationPlatforms) = preSolution
		Debug|Any CPU = Debug|Any CPU
		Release|Any CPU = Release|Any CPU
	EndGlobalSection
	GlobalSection(ProjectConfigurationPlatforms) = postSolution
		{5DE5A777-DD55-4ED4-A936-8CBB2D34C8D4}.Debug|Any CPU.ActiveCfg = Debug|Any CPU
		{5DE5A777-DD55-4ED4-A936-8CBB2D34C8D4}.Debug|Any CPU.Build.0 = Debug|Any CPU
		{5DE5A777-DD55-4ED4-A936-8CBB2D34C8D4}.Release|Any CPU.ActiveCfg = Release|Any CPU
		{5DE5A777-DD55-4ED4-A936-8CBB2D34C8D4}.Release|Any CPU.Build.0 = Release|Any CPU
	EndGlobalSection
	GlobalSection(SolutionProperties) = preSolution
		HideSolutionNode = FALSE
	EndGlobalSection
	GlobalSection(ExtensibilityGlobals) = postSolution
		SolutionGuid = {D9F32613-C1EE-4973-984B-4D9BF37BB284}
	EndGlobalSection
EndGlobal
